PODS:
  - NVActivityIndicatorView (4.3.1):
    - NVActivityIndicatorView/Presenter (= 4.3.1)
  - NVActivityIndicatorView/Presenter (4.3.1)

DEPENDENCIES:
  - NVActivityIndicatorView (from `../`)

EXTERNAL SOURCES:
  NVActivityIndicatorView:
    :path: "../"

SPEC CHECKSUMS:
  NVActivityIndicatorView: c764be3b7b3183400db2ec4241616aaf7e015dd7

PODFILE CHECKSUM: c4439918d93777c9bfb0e597ce2282c6dc186d55

COCOAPODS: 1.7.4
